
Microsoft Visual Studio Solution File, Format Version 12.00
# Visual Studio 15
VisualStudioVersion = 15.0.28307.136
MinimumVisualStudioVersion = 10.0.40219.1
Project("{FAE04EC0-301F-11D3-BF4B-00C04F79EFBC}") = "03-insert_a_node_at_the_head", "03-insert_a_node_at_the_head\03-insert_a_node_at_the_head.csproj", "{11E69ABE-5991-4B9A-A730-5622C741664A}"
EndProject
Global
	GlobalSection(SolutionConfigurationPlatforms) = preSolution
		Debug|Any CPU = Debug|Any CPU
		Release|Any CPU = Release|Any CPU
	EndGlobalSection
	GlobalSection(ProjectConfigurationPlatforms) = postSolution
		{11E69ABE-5991-4B9A-A730-5622C741664A}.Debug|Any CPU.ActiveCfg = Debug|Any CPU
		{11E69ABE-5991-4B9A-A730-5622C741664A}.Debug|Any CPU.Build.0 = Debug|Any CPU
		{11E69ABE-5991-4B9A-A730-5622C741664A}.Release|Any CPU.ActiveCfg = Release|Any CPU
		{11E69ABE-5991-4B9A-A730-5622C741664A}.Release|Any CPU.Build.0 = Release|Any CPU
	EndGlobalSection
	GlobalSection(SolutionProperties) = preSolution
		HideSolutionNode = FALSE
	EndGlobalSection
	GlobalSection(ExtensibilityGlobals) = postSolution
		SolutionGuid = {F8464076-31D0-428E-BD34-966680310F93}
	EndGlobalSection
EndGlobal
